
Microsoft Visual Studio Solution File, Format Version 12.00
# Visual Studio Version 17
VisualStudioVersion = 17.4.33122.133
MinimumVisualStudioVersion = 10.0.40219.1
Project("{FAE04EC0-301F-11D3-BF4B-00C04F79EFBC}") = "Density", "Density\Density.csproj", "{D2064B52-A56F-4DCD-B274-3C95196DEC4B}"
EndProject
Global
	GlobalSection(SolutionConfigurationPlatforms) = preSolution
		Debug|Any CPU = Debug|Any CPU
		Release|Any CPU = Release|Any CPU
	EndGlobalSection
	GlobalSection(ProjectConfigurationPlatforms) = postSolution
		{D2064B52-A56F-4DCD-B274-3C95196DEC4B}.Debug|Any CPU.ActiveCfg = Debug|Any CPU
		{D2064B52-A56F-4DCD-B274-3C95196DEC4B}.Debug|Any CPU.Build.0 = Debug|Any CPU
		{D2064B52-A56F-4DCD-B274-3C95196DEC4B}.Release|Any CPU.ActiveCfg = Release|Any CPU
		{D2064B52-A56F-4DCD-B274-3C95196DEC4B}.Release|Any CPU.Build.0 = Release|Any CPU
	EndGlobalSection
	GlobalSection(SolutionProperties) = preSolution
		HideSolutionNode = FALSE
	EndGlobalSection
	GlobalSection(ExtensibilityGlobals) = postSolution
		SolutionGuid = {54B81389-3102-457A-8D70-C6A8F205CCCB}
	EndGlobalSection
EndGlobal
